
Microsoft Visual Studio Solution File, Format Version 12.00
# Visual Studio Version 17
VisualStudioVersion = 17.12.35527.113
MinimumVisualStudioVersion = 10.0.40219.1
Project("{FAE04EC0-301F-11D3-BF4B-00C04F79EFBC}") = "UI", "BankProject\UI.csproj", "{8A0E4A05-BAA3-4170-8BFB-1D645B78988D}"
EndProject
Project("{2150E333-8FDC-42A3-9474-1A3956D46DE8}") = "src", "src", "{85431ADC-97CD-4304-8D80-841EA177B3CC}"
EndProject
Project("{FAE04EC0-301F-11D3-BF4B-00C04F79EFBC}") = "ApplicationCore", "Core\ApplicationCore.csproj", "{55D63011-C640-4520-9398-1FEBBB8F4989}"
EndProject
Project("{FAE04EC0-301F-11D3-BF4B-00C04F79EFBC}") = "Infrastructure", "Infrastructure\Infrastructure.csproj", "{922AD167-B43E-47D5-BF42-387D7DBDF67F}"
EndProject
Project("{2150E333-8FDC-42A3-9474-1A3956D46DE8}") = "tests", "tests", "{FC37ABD6-8F93-4F6B-970F-78F5FF815324}"
EndProject
Global
	GlobalSection(SolutionConfigurationPlatforms) = preSolution
		Debug|Any CPU = Debug|Any CPU
		Release|Any CPU = Release|Any CPU
	EndGlobalSection
	GlobalSection(ProjectConfigurationPlatforms) = postSolution
		{8A0E4A05-BAA3-4170-8BFB-1D645B78988D}.Debug|Any CPU.ActiveCfg = Debug|Any CPU
		{8A0E4A05-BAA3-4170-8BFB-1D645B78988D}.Debug|Any CPU.Build.0 = Debug|Any CPU
		{8A0E4A05-BAA3-4170-8BFB-1D645B78988D}.Release|Any CPU.ActiveCfg = Release|Any CPU
		{8A0E4A05-BAA3-4170-8BFB-1D645B78988D}.Release|Any CPU.Build.0 = Release|Any CPU
		{55D63011-C640-4520-9398-1FEBBB8F4989}.Debug|Any CPU.ActiveCfg = Debug|Any CPU
		{55D63011-C640-4520-9398-1FEBBB8F4989}.Debug|Any CPU.Build.0 = Debug|Any CPU
		{55D63011-C640-4520-9398-1FEBBB8F4989}.Release|Any CPU.ActiveCfg = Release|Any CPU
		{55D63011-C640-4520-9398-1FEBBB8F4989}.Release|Any CPU.Build.0 = Release|Any CPU
		{922AD167-B43E-47D5-BF42-387D7DBDF67F}.Debug|Any CPU.ActiveCfg = Debug|Any CPU
		{922AD167-B43E-47D5-BF42-387D7DBDF67F}.Debug|Any CPU.Build.0 = Debug|Any CPU
		{922AD167-B43E-47D5-BF42-387D7DBDF67F}.Release|Any CPU.ActiveCfg = Release|Any CPU
		{922AD167-B43E-47D5-BF42-387D7DBDF67F}.Release|Any CPU.Build.0 = Release|Any CPU
	EndGlobalSection
	GlobalSection(SolutionProperties) = preSolution
		HideSolutionNode = FALSE
	EndGlobalSection
	GlobalSection(NestedProjects) = preSolution
		{8A0E4A05-BAA3-4170-8BFB-1D645B78988D} = {85431ADC-97CD-4304-8D80-841EA177B3CC}
		{55D63011-C640-4520-9398-1FEBBB8F4989} = {85431ADC-97CD-4304-8D80-841EA177B3CC}
		{922AD167-B43E-47D5-BF42-387D7DBDF67F} = {85431ADC-97CD-4304-8D80-841EA177B3CC}
	EndGlobalSection
EndGlobal
